
Microsoft Visual Studio Solution File, Format Version 12.00
# Visual Studio 14
VisualStudioVersion = 14.0.25123.0
MinimumVisualStudioVersion = 10.0.40219.1
Project("{FAE04EC0-301F-11D3-BF4B-00C04F79EFBC}") = "WP_8_1_Dll", "WP_8_1_Dll\WP_8_1_Dll.csproj", "{0089F2B6-2A91-4A64-9BD9-5B183B5A302D}"
EndProject
Project("{FAE04EC0-301F-11D3-BF4B-00C04F79EFBC}") = "Editor_Dll", "Editor_Dll\Editor_Dll.csproj", "{0323A794-842E-4FE7-A57A-A958AF22249D}"
EndProject
Global
	GlobalSection(SolutionConfigurationPlatforms) = preSolution
		Debug|Any CPU = Debug|Any CPU
		Debug|ARM = Debug|ARM
		Debug|x86 = Debug|x86
		Release|Any CPU = Release|Any CPU
		Release|ARM = Release|ARM
		Release|x86 = Release|x86
	EndGlobalSection
	GlobalSection(ProjectConfigurationPlatforms) = postSolution
		{0089F2B6-2A91-4A64-9BD9-5B183B5A302D}.Debug|Any CPU.ActiveCfg = Debug|Any CPU
		{0089F2B6-2A91-4A64-9BD9-5B183B5A302D}.Debug|Any CPU.Build.0 = Debug|Any CPU
		{0089F2B6-2A91-4A64-9BD9-5B183B5A302D}.Debug|ARM.ActiveCfg = Debug|ARM
		{0089F2B6-2A91-4A64-9BD9-5B183B5A302D}.Debug|ARM.Build.0 = Debug|ARM
		{0089F2B6-2A91-4A64-9BD9-5B183B5A302D}.Debug|x86.ActiveCfg = Debug|x86
		{0089F2B6-2A91-4A64-9BD9-5B183B5A302D}.Debug|x86.Build.0 = Debug|x86
		{0089F2B6-2A91-4A64-9BD9-5B183B5A302D}.Release|Any CPU.ActiveCfg = Release|Any CPU
		{0089F2B6-2A91-4A64-9BD9-5B183B5A302D}.Release|Any CPU.Build.0 = Release|Any CPU
		{0089F2B6-2A91-4A64-9BD9-5B183B5A302D}.Release|ARM.ActiveCfg = Release|ARM
		{0089F2B6-2A91-4A64-9BD9-5B183B5A302D}.Release|ARM.Build.0 = Release|ARM
		{0089F2B6-2A91-4A64-9BD9-5B183B5A302D}.Release|x86.ActiveCfg = Release|x86
		{0089F2B6-2A91-4A64-9BD9-5B183B5A302D}.Release|x86.Build.0 = Release|x86
		{0323A794-842E-4FE7-A57A-A958AF22249D}.Debug|Any CPU.ActiveCfg = Debug|Any CPU
		{0323A794-842E-4FE7-A57A-A958AF22249D}.Debug|Any CPU.Build.0 = Debug|Any CPU
		{0323A794-842E-4FE7-A57A-A958AF22249D}.Debug|ARM.ActiveCfg = Debug|Any CPU
		{0323A794-842E-4FE7-A57A-A958AF22249D}.Debug|ARM.Build.0 = Debug|Any CPU
		{0323A794-842E-4FE7-A57A-A958AF22249D}.Debug|x86.ActiveCfg = Debug|Any CPU
		{0323A794-842E-4FE7-A57A-A958AF22249D}.Debug|x86.Build.0 = Debug|Any CPU
		{0323A794-842E-4FE7-A57A-A958AF22249D}.Release|Any CPU.ActiveCfg = Release|Any CPU
		{0323A794-842E-4FE7-A57A-A958AF22249D}.Release|Any CPU.Build.0 = Release|Any CPU
		{0323A794-842E-4FE7-A57A-A958AF22249D}.Release|ARM.ActiveCfg = Release|Any CPU
		{0323A794-842E-4FE7-A57A-A958AF22249D}.Release|ARM.Build.0 = Release|Any CPU
		{0323A794-842E-4FE7-A57A-A958AF22249D}.Release|x86.ActiveCfg = Release|Any CPU
		{0323A794-842E-4FE7-A57A-A958AF22249D}.Release|x86.Build.0 = Release|Any CPU
	EndGlobalSection
	GlobalSection(SolutionProperties) = preSolution
		HideSolutionNode = FALSE
	EndGlobalSection
EndGlobal
